
Microsoft Visual Studio Solution File, Format Version 12.00
# Visual Studio Version 16
VisualStudioVersion = 16.0.31729.503
MinimumVisualStudioVersion = 10.0.40219.1
Project("{8BC9CEB8-8B4A-11D0-8D11-00A0C91BC942}") = "文件操作", "windows核心编程2\windows核心编程2.vcxproj", "{DA136DF1-B8B0-44D8-849E-899F626B3B3F}"
EndProject
Project("{8BC9CEB8-8B4A-11D0-8D11-00A0C91BC942}") = "文件作业", "文件作业\文件作业.vcxproj", "{F891D140-C20A-4A42-BE99-A8220572D636}"
EndProject
Project("{8BC9CEB8-8B4A-11D0-8D11-00A0C91BC942}") = "进程与线程", "进程与线程\进程与线程.vcxproj", "{67B279A1-D9F4-4B0B-9F67-0C05ADC57E0C}"
EndProject
Project("{8BC9CEB8-8B4A-11D0-8D11-00A0C91BC942}") = "进程与线程作业一", "进程与线程作业一\进程与线程作业一.vcxproj", "{0F0FD54A-A48A-41B1-A6BD-B79DE9013EE6}"
EndProject
Project("{8BC9CEB8-8B4A-11D0-8D11-00A0C91BC942}") = "线程测试", "线程测试\线程测试.vcxproj", "{A5D27356-A305-4926-8E3F-785380988A10}"
	ProjectSection(ProjectDependencies) = postProject
		{CC8C4006-B5E8-4EFF-952B-305C265B2ACD} = {CC8C4006-B5E8-4EFF-952B-305C265B2ACD}
	EndProjectSection
EndProject
Project("{8BC9CEB8-8B4A-11D0-8D11-00A0C91BC942}") = "进程与线程2：远程线程", "进程与线程2：远程线程\进程与线程2：远程线程.vcxproj", "{1891ED9C-6FE3-4FDE-8B73-5A63BC63C889}"
EndProject
Project("{8BC9CEB8-8B4A-11D0-8D11-00A0C91BC942}") = "动态库和静态库", "动态库和静态库\动态库和静态库.vcxproj", "{4D0ED1D3-A659-446B-9D41-873C002E78B7}"
	ProjectSection(ProjectDependencies) = postProject
		{CC8C4006-B5E8-4EFF-952B-305C265B2ACD} = {CC8C4006-B5E8-4EFF-952B-305C265B2ACD}
	EndProjectSection
EndProject
Project("{8BC9CEB8-8B4A-11D0-8D11-00A0C91BC942}") = "动态链接库", "动态链接库\动态链接库.vcxproj", "{E9583CF4-83FE-4F80-91D6-92B35F0D4F95}"
EndProject
Project("{8BC9CEB8-8B4A-11D0-8D11-00A0C91BC942}") = "MyDll", "MyDll\MyDll.vcxproj", "{3E72D8A2-E71F-4512-A80C-12C0C0A1E425}"
EndProject
Project("{8BC9CEB8-8B4A-11D0-8D11-00A0C91BC942}") = "MFCLibrary1", "MFCLibrary1\MFCLibrary1.vcxproj", "{EE5954E8-7EBC-4724-9D48-3102ED351B86}"
EndProject
Project("{8BC9CEB8-8B4A-11D0-8D11-00A0C91BC942}") = "内存操作", "内存操作\内存操作.vcxproj", "{284223C0-0D2C-4A4C-9D57-1143110C8C90}"
EndProject
Project("{8BC9CEB8-8B4A-11D0-8D11-00A0C91BC942}") = "进程通信文件映射", "进程通信\进程通信.vcxproj", "{203BE678-DE79-483F-B95B-DC466A6EEB6E}"
EndProject
Project("{8BC9CEB8-8B4A-11D0-8D11-00A0C91BC942}") = "进程通信文件映射2", "进程通信2\进程通信2.vcxproj", "{21B6F51F-6FE3-42AE-AE20-2B2A199489AB}"
EndProject
Project("{8BC9CEB8-8B4A-11D0-8D11-00A0C91BC942}") = "TLS", "TLS\TLS.vcxproj", "{7710A7B6-5BFB-4427-98C2-1E20EFAF1F58}"
EndProject
Project("{8BC9CEB8-8B4A-11D0-8D11-00A0C91BC942}") = "命名管道", "命名管道\命名管道.vcxproj", "{B8B61ADA-02D2-42B9-9781-E2BF23409135}"
EndProject
Project("{8BC9CEB8-8B4A-11D0-8D11-00A0C91BC942}") = "命名管道2", "命名管道2\命名管道2.vcxproj", "{98DEA833-F1B2-46CC-A202-68B718AEC816}"
EndProject
Project("{8BC9CEB8-8B4A-11D0-8D11-00A0C91BC942}") = "邮槽", "邮槽\邮槽.vcxproj", "{BCBA3135-94C5-46A9-B0D5-4C66F8F67E68}"
EndProject
Project("{8BC9CEB8-8B4A-11D0-8D11-00A0C91BC942}") = "油槽2", "油槽2\油槽2.vcxproj", "{F734D911-39DE-4944-8FFF-2E227559F602}"
EndProject
Project("{8BC9CEB8-8B4A-11D0-8D11-00A0C91BC942}") = "剪切板", "剪切板\剪切板.vcxproj", "{D23C303C-5F99-4737-9BB9-E63F6ADA1F01}"
EndProject
Project("{8BC9CEB8-8B4A-11D0-8D11-00A0C91BC942}") = "剪切板2", "剪切板2\剪切板2.vcxproj", "{836AB06D-4AA5-4037-8EF3-1693728A37CB}"
EndProject
Project("{8BC9CEB8-8B4A-11D0-8D11-00A0C91BC942}") = "线程同步", "线程同步\线程同步.vcxproj", "{4F1E79C4-C1F3-48FF-A674-0E0A5B48BA55}"
EndProject
Project("{8BC9CEB8-8B4A-11D0-8D11-00A0C91BC942}") = "异常处理", "异常处理\异常处理.vcxproj", "{05423372-4880-4B24-8C3D-28EC94D718BE}"
EndProject
Project("{8BC9CEB8-8B4A-11D0-8D11-00A0C91BC942}") = "Dll1", "Dll1\Dll1.vcxproj", "{64674983-F89A-458D-9B32-F75B4DAD7D2B}"
EndProject
Project("{8BC9CEB8-8B4A-11D0-8D11-00A0C91BC942}") = "窗口", "窗口\窗口.vcxproj", "{80F61D5D-E813-40D3-9756-983913126A8F}"
EndProject
Project("{8BC9CEB8-8B4A-11D0-8D11-00A0C91BC942}") = "MyWnd", "MyWnd\MyWnd.vcxproj", "{60111622-7EF7-4724-99D9-03688E568E82}"
EndProject
Project("{8BC9CEB8-8B4A-11D0-8D11-00A0C91BC942}") = "InjectorMFC", "InjectorMFC\InjectorMFC.vcxproj", "{D479D6D6-06F2-4462-B977-0068BA68ED0B}"
EndProject
Project("{8BC9CEB8-8B4A-11D0-8D11-00A0C91BC942}") = "X86Inject", "X86Inject\X86Inject.vcxproj", "{917D5677-05C8-4A44-BE50-0561E19A42F7}"
EndProject
Project("{8BC9CEB8-8B4A-11D0-8D11-00A0C91BC942}") = "消息钩子注入", "消息钩子注入\消息钩子注入.vcxproj", "{D366605C-69A7-4B75-8807-15DFD3469CCB}"
EndProject
Project("{8BC9CEB8-8B4A-11D0-8D11-00A0C91BC942}") = "Hookdll", "Hookdll\InlineHookdll.vcxproj", "{CC8C4006-B5E8-4EFF-952B-305C265B2ACD}"
EndProject
Project("{8BC9CEB8-8B4A-11D0-8D11-00A0C91BC942}") = "msgDll", "msgDll\msgDll.vcxproj", "{8CA38411-16AA-460A-802E-3CD31255D5E4}"
EndProject
Project("{8BC9CEB8-8B4A-11D0-8D11-00A0C91BC942}") = "注册表", "注册表\注册表.vcxproj", "{3892D626-C6C6-40E0-B071-9A4F199A6426}"
EndProject
Project("{8BC9CEB8-8B4A-11D0-8D11-00A0C91BC942}") = "开机启动项", "开机启动项\开机启动项.vcxproj", "{B0AB71B3-A515-4372-9DD6-4E437805DD08}"
EndProject
Global
	GlobalSection(SolutionConfigurationPlatforms) = preSolution
		Debug|x64 = Debug|x64
		Debug|x86 = Debug|x86
		Release|x64 = Release|x64
		Release|x86 = Release|x86
	EndGlobalSection
	GlobalSection(ProjectConfigurationPlatforms) = postSolution
		{DA136DF1-B8B0-44D8-849E-899F626B3B3F}.Debug|x64.ActiveCfg = Debug|x64
		{DA136DF1-B8B0-44D8-849E-899F626B3B3F}.Debug|x64.Build.0 = Debug|x64
		{DA136DF1-B8B0-44D8-849E-899F626B3B3F}.Debug|x86.ActiveCfg = Debug|Win32
		{DA136DF1-B8B0-44D8-849E-899F626B3B3F}.Debug|x86.Build.0 = Debug|Win32
		{DA136DF1-B8B0-44D8-849E-899F626B3B3F}.Release|x64.ActiveCfg = Release|x64
		{DA136DF1-B8B0-44D8-849E-899F626B3B3F}.Release|x64.Build.0 = Release|x64
		{DA136DF1-B8B0-44D8-849E-899F626B3B3F}.Release|x86.ActiveCfg = Release|Win32
		{DA136DF1-B8B0-44D8-849E-899F626B3B3F}.Release|x86.Build.0 = Release|Win32
		{F891D140-C20A-4A42-BE99-A8220572D636}.Debug|x64.ActiveCfg = Debug|x64
		{F891D140-C20A-4A42-BE99-A8220572D636}.Debug|x64.Build.0 = Debug|x64
		{F891D140-C20A-4A42-BE99-A8220572D636}.Debug|x86.ActiveCfg = Debug|Win32
		{F891D140-C20A-4A42-BE99-A8220572D636}.Debug|x86.Build.0 = Debug|Win32
		{F891D140-C20A-4A42-BE99-A8220572D636}.Release|x64.ActiveCfg = Release|x64
		{F891D140-C20A-4A42-BE99-A8220572D636}.Release|x64.Build.0 = Release|x64
		{F891D140-C20A-4A42-BE99-A8220572D636}.Release|x86.ActiveCfg = Release|Win32
		{F891D140-C20A-4A42-BE99-A8220572D636}.Release|x86.Build.0 = Release|Win32
		{67B279A1-D9F4-4B0B-9F67-0C05ADC57E0C}.Debug|x64.ActiveCfg = Debug|x64
		{67B279A1-D9F4-4B0B-9F67-0C05ADC57E0C}.Debug|x64.Build.0 = Debug|x64
		{67B279A1-D9F4-4B0B-9F67-0C05ADC57E0C}.Debug|x86.ActiveCfg = Debug|Win32
		{67B279A1-D9F4-4B0B-9F67-0C05ADC57E0C}.Debug|x86.Build.0 = Debug|Win32
		{67B279A1-D9F4-4B0B-9F67-0C05ADC57E0C}.Release|x64.ActiveCfg = Release|x64
		{67B279A1-D9F4-4B0B-9F67-0C05ADC57E0C}.Release|x64.Build.0 = Release|x64
		{67B279A1-D9F4-4B0B-9F67-0C05ADC57E0C}.Release|x86.ActiveCfg = Release|Win32
		{67B279A1-D9F4-4B0B-9F67-0C05ADC57E0C}.Release|x86.Build.0 = Release|Win32
		{0F0FD54A-A48A-41B1-A6BD-B79DE9013EE6}.Debug|x64.ActiveCfg = Debug|x64
		{0F0FD54A-A48A-41B1-A6BD-B79DE9013EE6}.Debug|x64.Build.0 = Debug|x64
		{0F0FD54A-A48A-41B1-A6BD-B79DE9013EE6}.Debug|x86.ActiveCfg = Debug|Win32
		{0F0FD54A-A48A-41B1-A6BD-B79DE9013EE6}.Debug|x86.Build.0 = Debug|Win32
		{0F0FD54A-A48A-41B1-A6BD-B79DE9013EE6}.Release|x64.ActiveCfg = Release|x64
		{0F0FD54A-A48A-41B1-A6BD-B79DE9013EE6}.Release|x64.Build.0 = Release|x64
		{0F0FD54A-A48A-41B1-A6BD-B79DE9013EE6}.Release|x86.ActiveCfg = Release|Win32
		{0F0FD54A-A48A-41B1-A6BD-B79DE9013EE6}.Release|x86.Build.0 = Release|Win32
		{A5D27356-A305-4926-8E3F-785380988A10}.Debug|x64.ActiveCfg = Debug|x64
		{A5D27356-A305-4926-8E3F-785380988A10}.Debug|x64.Build.0 = Debug|x64
		{A5D27356-A305-4926-8E3F-785380988A10}.Debug|x86.ActiveCfg = Debug|Win32
		{A5D27356-A305-4926-8E3F-785380988A10}.Debug|x86.Build.0 = Debug|Win32
		{A5D27356-A305-4926-8E3F-785380988A10}.Release|x64.ActiveCfg = Release|x64
		{A5D27356-A305-4926-8E3F-785380988A10}.Release|x64.Build.0 = Release|x64
		{A5D27356-A305-4926-8E3F-785380988A10}.Release|x86.ActiveCfg = Release|Win32
		{A5D27356-A305-4926-8E3F-785380988A10}.Release|x86.Build.0 = Release|Win32
		{1891ED9C-6FE3-4FDE-8B73-5A63BC63C889}.Debug|x64.ActiveCfg = Debug|x64
		{1891ED9C-6FE3-4FDE-8B73-5A63BC63C889}.Debug|x64.Build.0 = Debug|x64
		{1891ED9C-6FE3-4FDE-8B73-5A63BC63C889}.Debug|x86.ActiveCfg = Debug|Win32
		{1891ED9C-6FE3-4FDE-8B73-5A63BC63C889}.Debug|x86.Build.0 = Debug|Win32
		{1891ED9C-6FE3-4FDE-8B73-5A63BC63C889}.Release|x64.ActiveCfg = Release|x64
		{1891ED9C-6FE3-4FDE-8B73-5A63BC63C889}.Release|x64.Build.0 = Release|x64
		{1891ED9C-6FE3-4FDE-8B73-5A63BC63C889}.Release|x86.ActiveCfg = Release|Win32
		{1891ED9C-6FE3-4FDE-8B73-5A63BC63C889}.Release|x86.Build.0 = Release|Win32
		{4D0ED1D3-A659-446B-9D41-873C002E78B7}.Debug|x64.ActiveCfg = Debug|x64
		{4D0ED1D3-A659-446B-9D41-873C002E78B7}.Debug|x64.Build.0 = Debug|x64
		{4D0ED1D3-A659-446B-9D41-873C002E78B7}.Debug|x86.ActiveCfg = Debug|Win32
		{4D0ED1D3-A659-446B-9D41-873C002E78B7}.Debug|x86.Build.0 = Debug|Win32
		{4D0ED1D3-A659-446B-9D41-873C002E78B7}.Release|x64.ActiveCfg = Release|x64
		{4D0ED1D3-A659-446B-9D41-873C002E78B7}.Release|x64.Build.0 = Release|x64
		{4D0ED1D3-A659-446B-9D41-873C002E78B7}.Release|x86.ActiveCfg = Release|Win32
		{4D0ED1D3-A659-446B-9D41-873C002E78B7}.Release|x86.Build.0 = Release|Win32
		{E9583CF4-83FE-4F80-91D6-92B35F0D4F95}.Debug|x64.ActiveCfg = Debug|x64
		{E9583CF4-83FE-4F80-91D6-92B35F0D4F95}.Debug|x64.Build.0 = Debug|x64
		{E9583CF4-83FE-4F80-91D6-92B35F0D4F95}.Debug|x86.ActiveCfg = Debug|Win32
		{E9583CF4-83FE-4F80-91D6-92B35F0D4F95}.Debug|x86.Build.0 = Debug|Win32
		{E9583CF4-83FE-4F80-91D6-92B35F0D4F95}.Release|x64.ActiveCfg = Release|x64
		{E9583CF4-83FE-4F80-91D6-92B35F0D4F95}.Release|x64.Build.0 = Release|x64
		{E9583CF4-83FE-4F80-91D6-92B35F0D4F95}.Release|x86.ActiveCfg = Release|Win32
		{E9583CF4-83FE-4F80-91D6-92B35F0D4F95}.Release|x86.Build.0 = Release|Win32
		{3E72D8A2-E71F-4512-A80C-12C0C0A1E425}.Debug|x64.ActiveCfg = Debug|x64
		{3E72D8A2-E71F-4512-A80C-12C0C0A1E425}.Debug|x64.Build.0 = Debug|x64
		{3E72D8A2-E71F-4512-A80C-12C0C0A1E425}.Debug|x86.ActiveCfg = Debug|Win32
		{3E72D8A2-E71F-4512-A80C-12C0C0A1E425}.Debug|x86.Build.0 = Debug|Win32
		{3E72D8A2-E71F-4512-A80C-12C0C0A1E425}.Release|x64.ActiveCfg = Release|x64
		{3E72D8A2-E71F-4512-A80C-12C0C0A1E425}.Release|x64.Build.0 = Release|x64
		{3E72D8A2-E71F-4512-A80C-12C0C0A1E425}.Release|x86.ActiveCfg = Release|Win32
		{3E72D8A2-E71F-4512-A80C-12C0C0A1E425}.Release|x86.Build.0 = Release|Win32
		{EE5954E8-7EBC-4724-9D48-3102ED351B86}.Debug|x64.ActiveCfg = Debug|x64
		{EE5954E8-7EBC-4724-9D48-3102ED351B86}.Debug|x64.Build.0 = Debug|x64
		{EE5954E8-7EBC-4724-9D48-3102ED351B86}.Debug|x86.ActiveCfg = Debug|Win32
		{EE5954E8-7EBC-4724-9D48-3102ED351B86}.Debug|x86.Build.0 = Debug|Win32
		{EE5954E8-7EBC-4724-9D48-3102ED351B86}.Release|x64.ActiveCfg = Release|x64
		{EE5954E8-7EBC-4724-9D48-3102ED351B86}.Release|x64.Build.0 = Release|x64
		{EE5954E8-7EBC-4724-9D48-3102ED351B86}.Release|x86.ActiveCfg = Release|Win32
		{EE5954E8-7EBC-4724-9D48-3102ED351B86}.Release|x86.Build.0 = Release|Win32
		{284223C0-0D2C-4A4C-9D57-1143110C8C90}.Debug|x64.ActiveCfg = Debug|x64
		{284223C0-0D2C-4A4C-9D57-1143110C8C90}.Debug|x64.Build.0 = Debug|x64
		{284223C0-0D2C-4A4C-9D57-1143110C8C90}.Debug|x86.ActiveCfg = Debug|Win32
		{284223C0-0D2C-4A4C-9D57-1143110C8C90}.Debug|x86.Build.0 = Debug|Win32
		{284223C0-0D2C-4A4C-9D57-1143110C8C90}.Release|x64.ActiveCfg = Release|x64
		{284223C0-0D2C-4A4C-9D57-1143110C8C90}.Release|x64.Build.0 = Release|x64
		{284223C0-0D2C-4A4C-9D57-1143110C8C90}.Release|x86.ActiveCfg = Release|Win32
		{284223C0-0D2C-4A4C-9D57-1143110C8C90}.Release|x86.Build.0 = Release|Win32
		{203BE678-DE79-483F-B95B-DC466A6EEB6E}.Debug|x64.ActiveCfg = Debug|x64
		{203BE678-DE79-483F-B95B-DC466A6EEB6E}.Debug|x64.Build.0 = Debug|x64
		{203BE678-DE79-483F-B95B-DC466A6EEB6E}.Debug|x86.ActiveCfg = Debug|Win32
		{203BE678-DE79-483F-B95B-DC466A6EEB6E}.Debug|x86.Build.0 = Debug|Win32
		{203BE678-DE79-483F-B95B-DC466A6EEB6E}.Release|x64.ActiveCfg = Release|x64
		{203BE678-DE79-483F-B95B-DC466A6EEB6E}.Release|x64.Build.0 = Release|x64
		{203BE678-DE79-483F-B95B-DC466A6EEB6E}.Release|x86.ActiveCfg = Release|Win32
		{203BE678-DE79-483F-B95B-DC466A6EEB6E}.Release|x86.Build.0 = Release|Win32
		{21B6F51F-6FE3-42AE-AE20-2B2A199489AB}.Debug|x64.ActiveCfg = Debug|x64
		{21B6F51F-6FE3-42AE-AE20-2B2A199489AB}.Debug|x64.Build.0 = Debug|x64
		{21B6F51F-6FE3-42AE-AE20-2B2A199489AB}.Debug|x86.ActiveCfg = Debug|Win32
		{21B6F51F-6FE3-42AE-AE20-2B2A199489AB}.Debug|x86.Build.0 = Debug|Win32
		{21B6F51F-6FE3-42AE-AE20-2B2A199489AB}.Release|x64.ActiveCfg = Release|x64
		{21B6F51F-6FE3-42AE-AE20-2B2A199489AB}.Release|x64.Build.0 = Release|x64
		{21B6F51F-6FE3-42AE-AE20-2B2A199489AB}.Release|x86.ActiveCfg = Release|Win32
		{21B6F51F-6FE3-42AE-AE20-2B2A199489AB}.Release|x86.Build.0 = Release|Win32
		{7710A7B6-5BFB-4427-98C2-1E20EFAF1F58}.Debug|x64.ActiveCfg = Debug|x64
		{7710A7B6-5BFB-4427-98C2-1E20EFAF1F58}.Debug|x64.Build.0 = Debug|x64
		{7710A7B6-5BFB-4427-98C2-1E20EFAF1F58}.Debug|x86.ActiveCfg = Debug|Win32
		{7710A7B6-5BFB-4427-98C2-1E20EFAF1F58}.Debug|x86.Build.0 = Debug|Win32
		{7710A7B6-5BFB-4427-98C2-1E20EFAF1F58}.Release|x64.ActiveCfg = Release|x64
		{7710A7B6-5BFB-4427-98C2-1E20EFAF1F58}.Release|x64.Build.0 = Release|x64
		{7710A7B6-5BFB-4427-98C2-1E20EFAF1F58}.Release|x86.ActiveCfg = Release|Win32
		{7710A7B6-5BFB-4427-98C2-1E20EFAF1F58}.Release|x86.Build.0 = Release|Win32
		{B8B61ADA-02D2-42B9-9781-E2BF23409135}.Debug|x64.ActiveCfg = Debug|x64
		{B8B61ADA-02D2-42B9-9781-E2BF23409135}.Debug|x64.Build.0 = Debug|x64
		{B8B61ADA-02D2-42B9-9781-E2BF23409135}.Debug|x86.ActiveCfg = Debug|Win32
		{B8B61ADA-02D2-42B9-9781-E2BF23409135}.Debug|x86.Build.0 = Debug|Win32
		{B8B61ADA-02D2-42B9-9781-E2BF23409135}.Release|x64.ActiveCfg = Release|x64
		{B8B61ADA-02D2-42B9-9781-E2BF23409135}.Release|x64.Build.0 = Release|x64
		{B8B61ADA-02D2-42B9-9781-E2BF23409135}.Release|x86.ActiveCfg = Release|Win32
		{B8B61ADA-02D2-42B9-9781-E2BF23409135}.Release|x86.Build.0 = Release|Win32
		{98DEA833-F1B2-46CC-A202-68B718AEC816}.Debug|x64.ActiveCfg = Debug|x64
		{98DEA833-F1B2-46CC-A202-68B718AEC816}.Debug|x64.Build.0 = Debug|x64
		{98DEA833-F1B2-46CC-A202-68B718AEC816}.Debug|x86.ActiveCfg = Debug|Win32
		{98DEA833-F1B2-46CC-A202-68B718AEC816}.Debug|x86.Build.0 = Debug|Win32
		{98DEA833-F1B2-46CC-A202-68B718AEC816}.Release|x64.ActiveCfg = Release|x64
		{98DEA833-F1B2-46CC-A202-68B718AEC816}.Release|x64.Build.0 = Release|x64
		{98DEA833-F1B2-46CC-A202-68B718AEC816}.Release|x86.ActiveCfg = Release|Win32
		{98DEA833-F1B2-46CC-A202-68B718AEC816}.Release|x86.Build.0 = Release|Win32
		{BCBA3135-94C5-46A9-B0D5-4C66F8F67E68}.Debug|x64.ActiveCfg = Debug|x64
		{BCBA3135-94C5-46A9-B0D5-4C66F8F67E68}.Debug|x64.Build.0 = Debug|x64
		{BCBA3135-94C5-46A9-B0D5-4C66F8F67E68}.Debug|x86.ActiveCfg = Debug|Win32
		{BCBA3135-94C5-46A9-B0D5-4C66F8F67E68}.Debug|x86.Build.0 = Debug|Win32
		{BCBA3135-94C5-46A9-B0D5-4C66F8F67E68}.Release|x64.ActiveCfg = Release|x64
		{BCBA3135-94C5-46A9-B0D5-4C66F8F67E68}.Release|x64.Build.0 = Release|x64
		{BCBA3135-94C5-46A9-B0D5-4C66F8F67E68}.Release|x86.ActiveCfg = Release|Win32
		{BCBA3135-94C5-46A9-B0D5-4C66F8F67E68}.Release|x86.Build.0 = Release|Win32
		{F734D911-39DE-4944-8FFF-2E227559F602}.Debug|x64.ActiveCfg = Debug|x64
		{F734D911-39DE-4944-8FFF-2E227559F602}.Debug|x64.Build.0 = Debug|x64
		{F734D911-39DE-4944-8FFF-2E227559F602}.Debug|x86.ActiveCfg = Debug|Win32
		{F734D911-39DE-4944-8FFF-2E227559F602}.Debug|x86.Build.0 = Debug|Win32
		{F734D911-39DE-4944-8FFF-2E227559F602}.Release|x64.ActiveCfg = Release|x64
		{F734D911-39DE-4944-8FFF-2E227559F602}.Release|x64.Build.0 = Release|x64
		{F734D911-39DE-4944-8FFF-2E227559F602}.Release|x86.ActiveCfg = Release|Win32
		{F734D911-39DE-4944-8FFF-2E227559F602}.Release|x86.Build.0 = Release|Win32
		{D23C303C-5F99-4737-9BB9-E63F6ADA1F01}.Debug|x64.ActiveCfg = Debug|x64
		{D23C303C-5F99-4737-9BB9-E63F6ADA1F01}.Debug|x64.Build.0 = Debug|x64
		{D23C303C-5F99-4737-9BB9-E63F6ADA1F01}.Debug|x86.ActiveCfg = Debug|Win32
		{D23C303C-5F99-4737-9BB9-E63F6ADA1F01}.Debug|x86.Build.0 = Debug|Win32
		{D23C303C-5F99-4737-9BB9-E63F6ADA1F01}.Release|x64.ActiveCfg = Release|x64
		{D23C303C-5F99-4737-9BB9-E63F6ADA1F01}.Release|x64.Build.0 = Release|x64
		{D23C303C-5F99-4737-9BB9-E63F6ADA1F01}.Release|x86.ActiveCfg = Release|Win32
		{D23C303C-5F99-4737-9BB9-E63F6ADA1F01}.Release|x86.Build.0 = Release|Win32
		{836AB06D-4AA5-4037-8EF3-1693728A37CB}.Debug|x64.ActiveCfg = Debug|x64
		{836AB06D-4AA5-4037-8EF3-1693728A37CB}.Debug|x64.Build.0 = Debug|x64
		{836AB06D-4AA5-4037-8EF3-1693728A37CB}.Debug|x86.ActiveCfg = Debug|Win32
		{836AB06D-4AA5-4037-8EF3-1693728A37CB}.Debug|x86.Build.0 = Debug|Win32
		{836AB06D-4AA5-4037-8EF3-1693728A37CB}.Release|x64.ActiveCfg = Release|x64
		{836AB06D-4AA5-4037-8EF3-1693728A37CB}.Release|x64.Build.0 = Release|x64
		{836AB06D-4AA5-4037-8EF3-1693728A37CB}.Release|x86.ActiveCfg = Release|Win32
		{836AB06D-4AA5-4037-8EF3-1693728A37CB}.Release|x86.Build.0 = Release|Win32
		{4F1E79C4-C1F3-48FF-A674-0E0A5B48BA55}.Debug|x64.ActiveCfg = Debug|x64
		{4F1E79C4-C1F3-48FF-A674-0E0A5B48BA55}.Debug|x64.Build.0 = Debug|x64
		{4F1E79C4-C1F3-48FF-A674-0E0A5B48BA55}.Debug|x86.ActiveCfg = Debug|Win32
		{4F1E79C4-C1F3-48FF-A674-0E0A5B48BA55}.Debug|x86.Build.0 = Debug|Win32
		{4F1E79C4-C1F3-48FF-A674-0E0A5B48BA55}.Release|x64.ActiveCfg = Release|x64
		{4F1E79C4-C1F3-48FF-A674-0E0A5B48BA55}.Release|x64.Build.0 = Release|x64
		{4F1E79C4-C1F3-48FF-A674-0E0A5B48BA55}.Release|x86.ActiveCfg = Release|Win32
		{4F1E79C4-C1F3-48FF-A674-0E0A5B48BA55}.Release|x86.Build.0 = Release|Win32
		{05423372-4880-4B24-8C3D-28EC94D718BE}.Debug|x64.ActiveCfg = Debug|x64
		{05423372-4880-4B24-8C3D-28EC94D718BE}.Debug|x64.Build.0 = Debug|x64
		{05423372-4880-4B24-8C3D-28EC94D718BE}.Debug|x86.ActiveCfg = Debug|Win32
		{05423372-4880-4B24-8C3D-28EC94D718BE}.Debug|x86.Build.0 = Debug|Win32
		{05423372-4880-4B24-8C3D-28EC94D718BE}.Release|x64.ActiveCfg = Release|x64
		{05423372-4880-4B24-8C3D-28EC94D718BE}.Release|x64.Build.0 = Release|x64
		{05423372-4880-4B24-8C3D-28EC94D718BE}.Release|x86.ActiveCfg = Release|Win32
		{05423372-4880-4B24-8C3D-28EC94D718BE}.Release|x86.Build.0 = Release|Win32
		{64674983-F89A-458D-9B32-F75B4DAD7D2B}.Debug|x64.ActiveCfg = Debug|x64
		{64674983-F89A-458D-9B32-F75B4DAD7D2B}.Debug|x64.Build.0 = Debug|x64
		{64674983-F89A-458D-9B32-F75B4DAD7D2B}.Debug|x86.ActiveCfg = Debug|Win32
		{64674983-F89A-458D-9B32-F75B4DAD7D2B}.Debug|x86.Build.0 = Debug|Win32
		{64674983-F89A-458D-9B32-F75B4DAD7D2B}.Release|x64.ActiveCfg = Release|x64
		{64674983-F89A-458D-9B32-F75B4DAD7D2B}.Release|x64.Build.0 = Release|x64
		{64674983-F89A-458D-9B32-F75B4DAD7D2B}.Release|x86.ActiveCfg = Release|Win32
		{64674983-F89A-458D-9B32-F75B4DAD7D2B}.Release|x86.Build.0 = Release|Win32
		{80F61D5D-E813-40D3-9756-983913126A8F}.Debug|x64.ActiveCfg = Debug|x64
		{80F61D5D-E813-40D3-9756-983913126A8F}.Debug|x64.Build.0 = Debug|x64
		{80F61D5D-E813-40D3-9756-983913126A8F}.Debug|x86.ActiveCfg = Debug|Win32
		{80F61D5D-E813-40D3-9756-983913126A8F}.Debug|x86.Build.0 = Debug|Win32
		{80F61D5D-E813-40D3-9756-983913126A8F}.Release|x64.ActiveCfg = Release|x64
		{80F61D5D-E813-40D3-9756-983913126A8F}.Release|x64.Build.0 = Release|x64
		{80F61D5D-E813-40D3-9756-983913126A8F}.Release|x86.ActiveCfg = Release|Win32
		{80F61D5D-E813-40D3-9756-983913126A8F}.Release|x86.Build.0 = Release|Win32
		{60111622-7EF7-4724-99D9-03688E568E82}.Debug|x64.ActiveCfg = Debug|x64
		{60111622-7EF7-4724-99D9-03688E568E82}.Debug|x64.Build.0 = Debug|x64
		{60111622-7EF7-4724-99D9-03688E568E82}.Debug|x86.ActiveCfg = Debug|Win32
		{60111622-7EF7-4724-99D9-03688E568E82}.Debug|x86.Build.0 = Debug|Win32
		{60111622-7EF7-4724-99D9-03688E568E82}.Release|x64.ActiveCfg = Release|x64
		{60111622-7EF7-4724-99D9-03688E568E82}.Release|x64.Build.0 = Release|x64
		{60111622-7EF7-4724-99D9-03688E568E82}.Release|x86.ActiveCfg = Release|Win32
		{60111622-7EF7-4724-99D9-03688E568E82}.Release|x86.Build.0 = Release|Win32
		{D479D6D6-06F2-4462-B977-0068BA68ED0B}.Debug|x64.ActiveCfg = Debug|x64
		{D479D6D6-06F2-4462-B977-0068BA68ED0B}.Debug|x64.Build.0 = Debug|x64
		{D479D6D6-06F2-4462-B977-0068BA68ED0B}.Debug|x86.ActiveCfg = Debug|Win32
		{D479D6D6-06F2-4462-B977-0068BA68ED0B}.Debug|x86.Build.0 = Debug|Win32
		{D479D6D6-06F2-4462-B977-0068BA68ED0B}.Release|x64.ActiveCfg = Release|x64
		{D479D6D6-06F2-4462-B977-0068BA68ED0B}.Release|x64.Build.0 = Release|x64
		{D479D6D6-06F2-4462-B977-0068BA68ED0B}.Release|x86.ActiveCfg = Release|Win32
		{D479D6D6-06F2-4462-B977-0068BA68ED0B}.Release|x86.Build.0 = Release|Win32
		{917D5677-05C8-4A44-BE50-0561E19A42F7}.Debug|x64.ActiveCfg = Debug|x64
		{917D5677-05C8-4A44-BE50-0561E19A42F7}.Debug|x64.Build.0 = Debug|x64
		{917D5677-05C8-4A44-BE50-0561E19A42F7}.Debug|x86.ActiveCfg = Debug|Win32
		{917D5677-05C8-4A44-BE50-0561E19A42F7}.Debug|x86.Build.0 = Debug|Win32
		{917D5677-05C8-4A44-BE50-0561E19A42F7}.Release|x64.ActiveCfg = Release|x64
		{917D5677-05C8-4A44-BE50-0561E19A42F7}.Release|x64.Build.0 = Release|x64
		{917D5677-05C8-4A44-BE50-0561E19A42F7}.Release|x86.ActiveCfg = Release|Win32
		{917D5677-05C8-4A44-BE50-0561E19A42F7}.Release|x86.Build.0 = Release|Win32
		{D366605C-69A7-4B75-8807-15DFD3469CCB}.Debug|x64.ActiveCfg = Debug|x64
		{D366605C-69A7-4B75-8807-15DFD3469CCB}.Debug|x64.Build.0 = Debug|x64
		{D366605C-69A7-4B75-8807-15DFD3469CCB}.Debug|x86.ActiveCfg = Debug|Win32
		{D366605C-69A7-4B75-8807-15DFD3469CCB}.Debug|x86.Build.0 = Debug|Win32
		{D366605C-69A7-4B75-8807-15DFD3469CCB}.Release|x64.ActiveCfg = Release|x64
		{D366605C-69A7-4B75-8807-15DFD3469CCB}.Release|x64.Build.0 = Release|x64
		{D366605C-69A7-4B75-8807-15DFD3469CCB}.Release|x86.ActiveCfg = Release|Win32
		{D366605C-69A7-4B75-8807-15DFD3469CCB}.Release|x86.Build.0 = Release|Win32
		{CC8C4006-B5E8-4EFF-952B-305C265B2ACD}.Debug|x64.ActiveCfg = Debug|x64
		{CC8C4006-B5E8-4EFF-952B-305C265B2ACD}.Debug|x64.Build.0 = Debug|x64
		{CC8C4006-B5E8-4EFF-952B-305C265B2ACD}.Debug|x86.ActiveCfg = Debug|Win32
		{CC8C4006-B5E8-4EFF-952B-305C265B2ACD}.Debug|x86.Build.0 = Debug|Win32
		{CC8C4006-B5E8-4EFF-952B-305C265B2ACD}.Release|x64.ActiveCfg = Release|x64
		{CC8C4006-B5E8-4EFF-952B-305C265B2ACD}.Release|x64.Build.0 = Release|x64
		{CC8C4006-B5E8-4EFF-952B-305C265B2ACD}.Release|x86.ActiveCfg = Release|Win32
		{CC8C4006-B5E8-4EFF-952B-305C265B2ACD}.Release|x86.Build.0 = Release|Win32
		{8CA38411-16AA-460A-802E-3CD31255D5E4}.Debug|x64.ActiveCfg = Debug|x64
		{8CA38411-16AA-460A-802E-3CD31255D5E4}.Debug|x64.Build.0 = Debug|x64
		{8CA38411-16AA-460A-802E-3CD31255D5E4}.Debug|x86.ActiveCfg = Debug|Win32
		{8CA38411-16AA-460A-802E-3CD31255D5E4}.Debug|x86.Build.0 = Debug|Win32
		{8CA38411-16AA-460A-802E-3CD31255D5E4}.Release|x64.ActiveCfg = Release|x64
		{8CA38411-16AA-460A-802E-3CD31255D5E4}.Release|x64.Build.0 = Release|x64
		{8CA38411-16AA-460A-802E-3CD31255D5E4}.Release|x86.ActiveCfg = Release|Win32
		{8CA38411-16AA-460A-802E-3CD31255D5E4}.Release|x86.Build.0 = Release|Win32
		{3892D626-C6C6-40E0-B071-9A4F199A6426}.Debug|x64.ActiveCfg = Debug|x64
		{3892D626-C6C6-40E0-B071-9A4F199A6426}.Debug|x64.Build.0 = Debug|x64
		{3892D626-C6C6-40E0-B071-9A4F199A6426}.Debug|x86.ActiveCfg = Debug|Win32
		{3892D626-C6C6-40E0-B071-9A4F199A6426}.Debug|x86.Build.0 = Debug|Win32
		{3892D626-C6C6-40E0-B071-9A4F199A6426}.Release|x64.ActiveCfg = Release|x64
		{3892D626-C6C6-40E0-B071-9A4F199A6426}.Release|x64.Build.0 = Release|x64
		{3892D626-C6C6-40E0-B071-9A4F199A6426}.Release|x86.ActiveCfg = Release|Win32
		{3892D626-C6C6-40E0-B071-9A4F199A6426}.Release|x86.Build.0 = Release|Win32
		{B0AB71B3-A515-4372-9DD6-4E437805DD08}.Debug|x64.ActiveCfg = Debug|x64
		{B0AB71B3-A515-4372-9DD6-4E437805DD08}.Debug|x64.Build.0 = Debug|x64
		{B0AB71B3-A515-4372-9DD6-4E437805DD08}.Debug|x86.ActiveCfg = Debug|Win32
		{B0AB71B3-A515-4372-9DD6-4E437805DD08}.Debug|x86.Build.0 = Debug|Win32
		{B0AB71B3-A515-4372-9DD6-4E437805DD08}.Release|x64.ActiveCfg = Release|x64
		{B0AB71B3-A515-4372-9DD6-4E437805DD08}.Release|x64.Build.0 = Release|x64
		{B0AB71B3-A515-4372-9DD6-4E437805DD08}.Release|x86.ActiveCfg = Release|Win32
		{B0AB71B3-A515-4372-9DD6-4E437805DD08}.Release|x86.Build.0 = Release|Win32
	EndGlobalSection
	GlobalSection(SolutionProperties) = preSolution
		HideSolutionNode = FALSE
	EndGlobalSection
	GlobalSection(ExtensibilityGlobals) = postSolution
		SolutionGuid = {E50D7209-E94F-43BD-9D9A-56B6B04B6023}
	EndGlobalSection
EndGlobal
